
Microsoft Visual Studio Solution File, Format Version 12.00
# Visual Studio Version 17
VisualStudioVersion = 17.1.32319.34
MinimumVisualStudioVersion = 10.0.40219.1
Project("{9A19103F-16F7-4668-BE54-9A1E7A4F7556}") = "AutoPocoIO.Repository", "src\AutoPocoIO.Repository.csproj", "{5A9BC18D-30CE-426A-A9AC-B26D534A8310}"
EndProject
Project("{2150E333-8FDC-42A3-9474-1A3956D46DE8}") = "Solution Items", "Solution Items", "{0CB7D6F8-7D25-4480-82D4-9295EA3F89E8}"
	ProjectSection(SolutionItems) = preProject
		.gitignore = .gitignore
	EndProjectSection
EndProject
Project("{9A19103F-16F7-4668-BE54-9A1E7A4F7556}") = "AutoPocoIO.Repository.Test", "tests\AutoPocoIO.Repository.test\AutoPocoIO.Repository.Test.csproj", "{A17C4375-4127-4AF2-BA45-4348B1BCCAF3}"
EndProject
Global
	GlobalSection(SolutionConfigurationPlatforms) = preSolution
		Debug|Any CPU = Debug|Any CPU
		Release|Any CPU = Release|Any CPU
	EndGlobalSection
	GlobalSection(ProjectConfigurationPlatforms) = postSolution
		{5A9BC18D-30CE-426A-A9AC-B26D534A8310}.Debug|Any CPU.ActiveCfg = Debug|Any CPU
		{5A9BC18D-30CE-426A-A9AC-B26D534A8310}.Debug|Any CPU.Build.0 = Debug|Any CPU
		{5A9BC18D-30CE-426A-A9AC-B26D534A8310}.Release|Any CPU.ActiveCfg = Release|Any CPU
		{5A9BC18D-30CE-426A-A9AC-B26D534A8310}.Release|Any CPU.Build.0 = Release|Any CPU
		{A17C4375-4127-4AF2-BA45-4348B1BCCAF3}.Debug|Any CPU.ActiveCfg = Debug|Any CPU
		{A17C4375-4127-4AF2-BA45-4348B1BCCAF3}.Debug|Any CPU.Build.0 = Debug|Any CPU
		{A17C4375-4127-4AF2-BA45-4348B1BCCAF3}.Release|Any CPU.ActiveCfg = Release|Any CPU
		{A17C4375-4127-4AF2-BA45-4348B1BCCAF3}.Release|Any CPU.Build.0 = Release|Any CPU
	EndGlobalSection
	GlobalSection(SolutionProperties) = preSolution
		HideSolutionNode = FALSE
	EndGlobalSection
	GlobalSection(ExtensibilityGlobals) = postSolution
		SolutionGuid = {8EB54E03-1D0C-476E-8F04-2E4EFF7605C3}
	EndGlobalSection
EndGlobal
